
Microsoft Visual Studio Solution File, Format Version 12.00
Project("{FAE04EC0-301F-11D3-BF4B-00C04F79EFBC}") = "App.Consumer", "App.Consumer\App.Consumer.csproj", "{3F19D647-5455-493E-9E10-20C3DC026220}"
EndProject
Project("{FAE04EC0-301F-11D3-BF4B-00C04F79EFBC}") = "App.Producer", "App.Producer\App.Producer.csproj", "{1A3C7D8E-F980-4768-AD7E-EC26EBED9075}"
EndProject
Global
	GlobalSection(SolutionConfigurationPlatforms) = preSolution
		Debug|Any CPU = Debug|Any CPU
		Release|Any CPU = Release|Any CPU
	EndGlobalSection
	GlobalSection(ProjectConfigurationPlatforms) = postSolution
		{3F19D647-5455-493E-9E10-20C3DC026220}.Debug|Any CPU.ActiveCfg = Debug|Any CPU
		{3F19D647-5455-493E-9E10-20C3DC026220}.Debug|Any CPU.Build.0 = Debug|Any CPU
		{3F19D647-5455-493E-9E10-20C3DC026220}.Release|Any CPU.ActiveCfg = Release|Any CPU
		{3F19D647-5455-493E-9E10-20C3DC026220}.Release|Any CPU.Build.0 = Release|Any CPU
		{1A3C7D8E-F980-4768-AD7E-EC26EBED9075}.Debug|Any CPU.ActiveCfg = Debug|Any CPU
		{1A3C7D8E-F980-4768-AD7E-EC26EBED9075}.Debug|Any CPU.Build.0 = Debug|Any CPU
		{1A3C7D8E-F980-4768-AD7E-EC26EBED9075}.Release|Any CPU.ActiveCfg = Release|Any CPU
		{1A3C7D8E-F980-4768-AD7E-EC26EBED9075}.Release|Any CPU.Build.0 = Release|Any CPU
	EndGlobalSection
EndGlobal
